
Microsoft Visual Studio Solution File, Format Version 12.00
# Visual Studio Version 16
VisualStudioVersion = 16.0.30717.126
MinimumVisualStudioVersion = 10.0.40219.1
Project("{9A19103F-16F7-4668-BE54-9A1E7A4F7556}") = "1.1", "1.1\1.1.csproj", "{EF50F746-553E-424B-B37F-9547D6C7F802}"
EndProject
Project("{9A19103F-16F7-4668-BE54-9A1E7A4F7556}") = "1.2", "1.2\1.2.csproj", "{B118EE0B-677D-4B90-ABD8-CF7C1997440E}"
EndProject
Project("{9A19103F-16F7-4668-BE54-9A1E7A4F7556}") = "2.1", "2.1\2.1.csproj", "{7C86D24F-0579-4DB5-8892-9EAE3C9A73B7}"
EndProject
Project("{9A19103F-16F7-4668-BE54-9A1E7A4F7556}") = "2.2", "2.2\2.2.csproj", "{C226665C-B1A4-4293-96D3-6ED2ED87E135}"
EndProject
Project("{9A19103F-16F7-4668-BE54-9A1E7A4F7556}") = "3.1", "3.1\3.1.csproj", "{26282F88-A5C6-425E-8E14-6D5FE2E0B623}"
EndProject
Project("{9A19103F-16F7-4668-BE54-9A1E7A4F7556}") = "3.2", "3.2\3.2.csproj", "{48564E79-CF54-4176-A1E1-420F90DC5074}"
EndProject
Project("{9A19103F-16F7-4668-BE54-9A1E7A4F7556}") = "4.1", "4.1\4.1.csproj", "{B843E8E4-072D-4CE2-8B79-83771198C4C5}"
EndProject
Project("{9A19103F-16F7-4668-BE54-9A1E7A4F7556}") = "4.2", "4.2\4.2.csproj", "{C670B8D7-D3A6-49F9-967F-66B3EC9E697A}"
EndProject
Project("{9A19103F-16F7-4668-BE54-9A1E7A4F7556}") = "5.1", "5.1\5.1.csproj", "{130E1032-C8F9-459A-BF79-574F9690E177}"
EndProject
Project("{9A19103F-16F7-4668-BE54-9A1E7A4F7556}") = "5.2", "5.2\5.2.csproj", "{7DF4867F-5D04-4CF7-AE66-95045B2483C0}"
EndProject
Project("{9A19103F-16F7-4668-BE54-9A1E7A4F7556}") = "6.1", "6.1\6.1.csproj", "{22799C80-32A0-42D8-8231-EFB307B06E32}"
EndProject
Project("{9A19103F-16F7-4668-BE54-9A1E7A4F7556}") = "6.2", "6.2\6.2.csproj", "{CC2E7784-6E64-4F14-A15D-70692C800F56}"
EndProject
Project("{9A19103F-16F7-4668-BE54-9A1E7A4F7556}") = "7.1", "7.1\7.1.csproj", "{0219AF4C-F2C2-48D2-AA08-59435DE1A837}"
EndProject
Project("{9A19103F-16F7-4668-BE54-9A1E7A4F7556}") = "7.2", "7.2\7.2.csproj", "{D43BC5A9-38C4-4A46-9CD2-2DFAB1217408}"
EndProject
Project("{9A19103F-16F7-4668-BE54-9A1E7A4F7556}") = "8.1", "8.1\8.1.csproj", "{3E5E8C81-6DB2-41EB-A493-A426872F8F66}"
EndProject
Project("{9A19103F-16F7-4668-BE54-9A1E7A4F7556}") = "Intcode", "Intcode2\Intcode.csproj", "{D8AD3AF3-8508-469B-86F8-86C00CC696C6}"
EndProject
Project("{9A19103F-16F7-4668-BE54-9A1E7A4F7556}") = "8.2", "8.2\8.2.csproj", "{156DE289-FBFB-44ED-8E10-267F1B474D8E}"
EndProject
Project("{9A19103F-16F7-4668-BE54-9A1E7A4F7556}") = "9.1", "9.1\9.1.csproj", "{11B2B8D7-4D2E-4EA5-8395-2048D66BA1C3}"
EndProject
Project("{9A19103F-16F7-4668-BE54-9A1E7A4F7556}") = "9.2", "9.2\9.2.csproj", "{DCCA2E7C-1DEF-4700-8834-A1AAD9BE5E0D}"
EndProject
Project("{9A19103F-16F7-4668-BE54-9A1E7A4F7556}") = "10.1", "10.1\10.1.csproj", "{0BBDCDF6-FF11-477B-9FDB-24E837A0A7F1}"
EndProject
Project("{9A19103F-16F7-4668-BE54-9A1E7A4F7556}") = "10.2", "10.2\10.2.csproj", "{A7BC6834-B641-4DFE-BD02-54883711745A}"
EndProject
Project("{9A19103F-16F7-4668-BE54-9A1E7A4F7556}") = "10.2.nope", "10.2.nope\10.2.nope.csproj", "{3A39EA12-166A-488D-8ABF-CD945DE042B4}"
EndProject
Project("{9A19103F-16F7-4668-BE54-9A1E7A4F7556}") = "11.1", "11.1\11.1.csproj", "{36668203-CD2A-4E77-9C46-A76A912B2487}"
EndProject
Project("{9A19103F-16F7-4668-BE54-9A1E7A4F7556}") = "11.2", "11.2\11.2.csproj", "{D888BA4B-FC56-4898-A72F-29FEFDAF9FF9}"
EndProject
Project("{9A19103F-16F7-4668-BE54-9A1E7A4F7556}") = "12.1", "12.1\12.1.csproj", "{6AC7E5F9-EA02-4F60-8D99-8E8A91CAF2C0}"
EndProject
Project("{9A19103F-16F7-4668-BE54-9A1E7A4F7556}") = "12.2", "12.2\12.2.csproj", "{C1AED98F-9E8B-4809-9ED0-029469A9510C}"
EndProject
Project("{FAE04EC0-301F-11D3-BF4B-00C04F79EFBC}") = "13.1", "13.1\13.1.csproj", "{29BD3CF6-37A1-4F0B-BE8A-23C7CE4D9BC8}"
EndProject
Project("{FAE04EC0-301F-11D3-BF4B-00C04F79EFBC}") = "13.2", "13.2\13.2.csproj", "{75EEF3CF-3410-48BF-B584-F1FE53E38216}"
EndProject
Global
	GlobalSection(SolutionConfigurationPlatforms) = preSolution
		Debug|Any CPU = Debug|Any CPU
		Release|Any CPU = Release|Any CPU
	EndGlobalSection
	GlobalSection(ProjectConfigurationPlatforms) = postSolution
		{EF50F746-553E-424B-B37F-9547D6C7F802}.Debug|Any CPU.ActiveCfg = Debug|Any CPU
		{EF50F746-553E-424B-B37F-9547D6C7F802}.Debug|Any CPU.Build.0 = Debug|Any CPU
		{EF50F746-553E-424B-B37F-9547D6C7F802}.Release|Any CPU.ActiveCfg = Release|Any CPU
		{EF50F746-553E-424B-B37F-9547D6C7F802}.Release|Any CPU.Build.0 = Release|Any CPU
		{B118EE0B-677D-4B90-ABD8-CF7C1997440E}.Debug|Any CPU.ActiveCfg = Debug|Any CPU
		{B118EE0B-677D-4B90-ABD8-CF7C1997440E}.Debug|Any CPU.Build.0 = Debug|Any CPU
		{B118EE0B-677D-4B90-ABD8-CF7C1997440E}.Release|Any CPU.ActiveCfg = Release|Any CPU
		{B118EE0B-677D-4B90-ABD8-CF7C1997440E}.Release|Any CPU.Build.0 = Release|Any CPU
		{7C86D24F-0579-4DB5-8892-9EAE3C9A73B7}.Debug|Any CPU.ActiveCfg = Debug|Any CPU
		{7C86D24F-0579-4DB5-8892-9EAE3C9A73B7}.Debug|Any CPU.Build.0 = Debug|Any CPU
		{7C86D24F-0579-4DB5-8892-9EAE3C9A73B7}.Release|Any CPU.ActiveCfg = Release|Any CPU
		{7C86D24F-0579-4DB5-8892-9EAE3C9A73B7}.Release|Any CPU.Build.0 = Release|Any CPU
		{C226665C-B1A4-4293-96D3-6ED2ED87E135}.Debug|Any CPU.ActiveCfg = Debug|Any CPU
		{C226665C-B1A4-4293-96D3-6ED2ED87E135}.Debug|Any CPU.Build.0 = Debug|Any CPU
		{C226665C-B1A4-4293-96D3-6ED2ED87E135}.Release|Any CPU.ActiveCfg = Release|Any CPU
		{C226665C-B1A4-4293-96D3-6ED2ED87E135}.Release|Any CPU.Build.0 = Release|Any CPU
		{26282F88-A5C6-425E-8E14-6D5FE2E0B623}.Debug|Any CPU.ActiveCfg = Debug|Any CPU
		{26282F88-A5C6-425E-8E14-6D5FE2E0B623}.Debug|Any CPU.Build.0 = Debug|Any CPU
		{26282F88-A5C6-425E-8E14-6D5FE2E0B623}.Release|Any CPU.ActiveCfg = Release|Any CPU
		{26282F88-A5C6-425E-8E14-6D5FE2E0B623}.Release|Any CPU.Build.0 = Release|Any CPU
		{48564E79-CF54-4176-A1E1-420F90DC5074}.Debug|Any CPU.ActiveCfg = Debug|Any CPU
		{48564E79-CF54-4176-A1E1-420F90DC5074}.Debug|Any CPU.Build.0 = Debug|Any CPU
		{48564E79-CF54-4176-A1E1-420F90DC5074}.Release|Any CPU.ActiveCfg = Release|Any CPU
		{48564E79-CF54-4176-A1E1-420F90DC5074}.Release|Any CPU.Build.0 = Release|Any CPU
		{B843E8E4-072D-4CE2-8B79-83771198C4C5}.Debug|Any CPU.ActiveCfg = Debug|Any CPU
		{B843E8E4-072D-4CE2-8B79-83771198C4C5}.Debug|Any CPU.Build.0 = Debug|Any CPU
		{B843E8E4-072D-4CE2-8B79-83771198C4C5}.Release|Any CPU.ActiveCfg = Release|Any CPU
		{B843E8E4-072D-4CE2-8B79-83771198C4C5}.Release|Any CPU.Build.0 = Release|Any CPU
		{C670B8D7-D3A6-49F9-967F-66B3EC9E697A}.Debug|Any CPU.ActiveCfg = Debug|Any CPU
		{C670B8D7-D3A6-49F9-967F-66B3EC9E697A}.Debug|Any CPU.Build.0 = Debug|Any CPU
		{C670B8D7-D3A6-49F9-967F-66B3EC9E697A}.Release|Any CPU.ActiveCfg = Release|Any CPU
		{C670B8D7-D3A6-49F9-967F-66B3EC9E697A}.Release|Any CPU.Build.0 = Release|Any CPU
		{130E1032-C8F9-459A-BF79-574F9690E177}.Debug|Any CPU.ActiveCfg = Debug|Any CPU
		{130E1032-C8F9-459A-BF79-574F9690E177}.Debug|Any CPU.Build.0 = Debug|Any CPU
		{130E1032-C8F9-459A-BF79-574F9690E177}.Release|Any CPU.ActiveCfg = Release|Any CPU
		{130E1032-C8F9-459A-BF79-574F9690E177}.Release|Any CPU.Build.0 = Release|Any CPU
		{7DF4867F-5D04-4CF7-AE66-95045B2483C0}.Debug|Any CPU.ActiveCfg = Debug|Any CPU
		{7DF4867F-5D04-4CF7-AE66-95045B2483C0}.Debug|Any CPU.Build.0 = Debug|Any CPU
		{7DF4867F-5D04-4CF7-AE66-95045B2483C0}.Release|Any CPU.ActiveCfg = Release|Any CPU
		{7DF4867F-5D04-4CF7-AE66-95045B2483C0}.Release|Any CPU.Build.0 = Release|Any CPU
		{22799C80-32A0-42D8-8231-EFB307B06E32}.Debug|Any CPU.ActiveCfg = Debug|Any CPU
		{22799C80-32A0-42D8-8231-EFB307B06E32}.Debug|Any CPU.Build.0 = Debug|Any CPU
		{22799C80-32A0-42D8-8231-EFB307B06E32}.Release|Any CPU.ActiveCfg = Release|Any CPU
		{22799C80-32A0-42D8-8231-EFB307B06E32}.Release|Any CPU.Build.0 = Release|Any CPU
		{CC2E7784-6E64-4F14-A15D-70692C800F56}.Debug|Any CPU.ActiveCfg = Debug|Any CPU
		{CC2E7784-6E64-4F14-A15D-70692C800F56}.Debug|Any CPU.Build.0 = Debug|Any CPU
		{CC2E7784-6E64-4F14-A15D-70692C800F56}.Release|Any CPU.ActiveCfg = Release|Any CPU
		{CC2E7784-6E64-4F14-A15D-70692C800F56}.Release|Any CPU.Build.0 = Release|Any CPU
		{0219AF4C-F2C2-48D2-AA08-59435DE1A837}.Debug|Any CPU.ActiveCfg = Debug|Any CPU
		{0219AF4C-F2C2-48D2-AA08-59435DE1A837}.Debug|Any CPU.Build.0 = Debug|Any CPU
		{0219AF4C-F2C2-48D2-AA08-59435DE1A837}.Release|Any CPU.ActiveCfg = Release|Any CPU
		{0219AF4C-F2C2-48D2-AA08-59435DE1A837}.Release|Any CPU.Build.0 = Release|Any CPU
		{D43BC5A9-38C4-4A46-9CD2-2DFAB1217408}.Debug|Any CPU.ActiveCfg = Debug|Any CPU
		{D43BC5A9-38C4-4A46-9CD2-2DFAB1217408}.Debug|Any CPU.Build.0 = Debug|Any CPU
		{D43BC5A9-38C4-4A46-9CD2-2DFAB1217408}.Release|Any CPU.ActiveCfg = Release|Any CPU
		{D43BC5A9-38C4-4A46-9CD2-2DFAB1217408}.Release|Any CPU.Build.0 = Release|Any CPU
		{3E5E8C81-6DB2-41EB-A493-A426872F8F66}.Debug|Any CPU.ActiveCfg = Debug|Any CPU
		{3E5E8C81-6DB2-41EB-A493-A426872F8F66}.Debug|Any CPU.Build.0 = Debug|Any CPU
		{3E5E8C81-6DB2-41EB-A493-A426872F8F66}.Release|Any CPU.ActiveCfg = Release|Any CPU
		{3E5E8C81-6DB2-41EB-A493-A426872F8F66}.Release|Any CPU.Build.0 = Release|Any CPU
		{D8AD3AF3-8508-469B-86F8-86C00CC696C6}.Debug|Any CPU.ActiveCfg = Debug|Any CPU
		{D8AD3AF3-8508-469B-86F8-86C00CC696C6}.Debug|Any CPU.Build.0 = Debug|Any CPU
		{D8AD3AF3-8508-469B-86F8-86C00CC696C6}.Release|Any CPU.ActiveCfg = Release|Any CPU
		{D8AD3AF3-8508-469B-86F8-86C00CC696C6}.Release|Any CPU.Build.0 = Release|Any CPU
		{156DE289-FBFB-44ED-8E10-267F1B474D8E}.Debug|Any CPU.ActiveCfg = Debug|Any CPU
		{156DE289-FBFB-44ED-8E10-267F1B474D8E}.Debug|Any CPU.Build.0 = Debug|Any CPU
		{156DE289-FBFB-44ED-8E10-267F1B474D8E}.Release|Any CPU.ActiveCfg = Release|Any CPU
		{156DE289-FBFB-44ED-8E10-267F1B474D8E}.Release|Any CPU.Build.0 = Release|Any CPU
		{11B2B8D7-4D2E-4EA5-8395-2048D66BA1C3}.Debug|Any CPU.ActiveCfg = Debug|Any CPU
		{11B2B8D7-4D2E-4EA5-8395-2048D66BA1C3}.Debug|Any CPU.Build.0 = Debug|Any CPU
		{11B2B8D7-4D2E-4EA5-8395-2048D66BA1C3}.Release|Any CPU.ActiveCfg = Release|Any CPU
		{11B2B8D7-4D2E-4EA5-8395-2048D66BA1C3}.Release|Any CPU.Build.0 = Release|Any CPU
		{DCCA2E7C-1DEF-4700-8834-A1AAD9BE5E0D}.Debug|Any CPU.ActiveCfg = Debug|Any CPU
		{DCCA2E7C-1DEF-4700-8834-A1AAD9BE5E0D}.Debug|Any CPU.Build.0 = Debug|Any CPU
		{DCCA2E7C-1DEF-4700-8834-A1AAD9BE5E0D}.Release|Any CPU.ActiveCfg = Release|Any CPU
		{DCCA2E7C-1DEF-4700-8834-A1AAD9BE5E0D}.Release|Any CPU.Build.0 = Release|Any CPU
		{0BBDCDF6-FF11-477B-9FDB-24E837A0A7F1}.Debug|Any CPU.ActiveCfg = Debug|Any CPU
		{0BBDCDF6-FF11-477B-9FDB-24E837A0A7F1}.Debug|Any CPU.Build.0 = Debug|Any CPU
		{0BBDCDF6-FF11-477B-9FDB-24E837A0A7F1}.Release|Any CPU.ActiveCfg = Release|Any CPU
		{0BBDCDF6-FF11-477B-9FDB-24E837A0A7F1}.Release|Any CPU.Build.0 = Release|Any CPU
		{A7BC6834-B641-4DFE-BD02-54883711745A}.Debug|Any CPU.ActiveCfg = Debug|Any CPU
		{A7BC6834-B641-4DFE-BD02-54883711745A}.Debug|Any CPU.Build.0 = Debug|Any CPU
		{A7BC6834-B641-4DFE-BD02-54883711745A}.Release|Any CPU.ActiveCfg = Release|Any CPU
		{A7BC6834-B641-4DFE-BD02-54883711745A}.Release|Any CPU.Build.0 = Release|Any CPU
		{3A39EA12-166A-488D-8ABF-CD945DE042B4}.Debug|Any CPU.ActiveCfg = Debug|Any CPU
		{3A39EA12-166A-488D-8ABF-CD945DE042B4}.Debug|Any CPU.Build.0 = Debug|Any CPU
		{3A39EA12-166A-488D-8ABF-CD945DE042B4}.Release|Any CPU.ActiveCfg = Release|Any CPU
		{3A39EA12-166A-488D-8ABF-CD945DE042B4}.Release|Any CPU.Build.0 = Release|Any CPU
		{36668203-CD2A-4E77-9C46-A76A912B2487}.Debug|Any CPU.ActiveCfg = Debug|Any CPU
		{36668203-CD2A-4E77-9C46-A76A912B2487}.Debug|Any CPU.Build.0 = Debug|Any CPU
		{36668203-CD2A-4E77-9C46-A76A912B2487}.Release|Any CPU.ActiveCfg = Release|Any CPU
		{36668203-CD2A-4E77-9C46-A76A912B2487}.Release|Any CPU.Build.0 = Release|Any CPU
		{D888BA4B-FC56-4898-A72F-29FEFDAF9FF9}.Debug|Any CPU.ActiveCfg = Debug|Any CPU
		{D888BA4B-FC56-4898-A72F-29FEFDAF9FF9}.Debug|Any CPU.Build.0 = Debug|Any CPU
		{D888BA4B-FC56-4898-A72F-29FEFDAF9FF9}.Release|Any CPU.ActiveCfg = Release|Any CPU
		{D888BA4B-FC56-4898-A72F-29FEFDAF9FF9}.Release|Any CPU.Build.0 = Release|Any CPU
		{6AC7E5F9-EA02-4F60-8D99-8E8A91CAF2C0}.Debug|Any CPU.ActiveCfg = Debug|Any CPU
		{6AC7E5F9-EA02-4F60-8D99-8E8A91CAF2C0}.Debug|Any CPU.Build.0 = Debug|Any CPU
		{6AC7E5F9-EA02-4F60-8D99-8E8A91CAF2C0}.Release|Any CPU.ActiveCfg = Release|Any CPU
		{6AC7E5F9-EA02-4F60-8D99-8E8A91CAF2C0}.Release|Any CPU.Build.0 = Release|Any CPU
		{C1AED98F-9E8B-4809-9ED0-029469A9510C}.Debug|Any CPU.ActiveCfg = Debug|Any CPU
		{C1AED98F-9E8B-4809-9ED0-029469A9510C}.Debug|Any CPU.Build.0 = Debug|Any CPU
		{C1AED98F-9E8B-4809-9ED0-029469A9510C}.Release|Any CPU.ActiveCfg = Release|Any CPU
		{C1AED98F-9E8B-4809-9ED0-029469A9510C}.Release|Any CPU.Build.0 = Release|Any CPU
		{29BD3CF6-37A1-4F0B-BE8A-23C7CE4D9BC8}.Debug|Any CPU.ActiveCfg = Debug|Any CPU
		{29BD3CF6-37A1-4F0B-BE8A-23C7CE4D9BC8}.Debug|Any CPU.Build.0 = Debug|Any CPU
		{29BD3CF6-37A1-4F0B-BE8A-23C7CE4D9BC8}.Release|Any CPU.ActiveCfg = Release|Any CPU
		{29BD3CF6-37A1-4F0B-BE8A-23C7CE4D9BC8}.Release|Any CPU.Build.0 = Release|Any CPU
		{75EEF3CF-3410-48BF-B584-F1FE53E38216}.Debug|Any CPU.ActiveCfg = Debug|Any CPU
		{75EEF3CF-3410-48BF-B584-F1FE53E38216}.Debug|Any CPU.Build.0 = Debug|Any CPU
		{75EEF3CF-3410-48BF-B584-F1FE53E38216}.Release|Any CPU.ActiveCfg = Release|Any CPU
		{75EEF3CF-3410-48BF-B584-F1FE53E38216}.Release|Any CPU.Build.0 = Release|Any CPU
	EndGlobalSection
	GlobalSection(SolutionProperties) = preSolution
		HideSolutionNode = FALSE
	EndGlobalSection
	GlobalSection(ExtensibilityGlobals) = postSolution
		SolutionGuid = {8DE0C09C-441D-4326-9BA8-984AD567D29D}
	EndGlobalSection
EndGlobal
