
Microsoft Visual Studio Solution File, Format Version 12.00
# Visual Studio Version 16
VisualStudioVersion = 16.0.30717.126
MinimumVisualStudioVersion = 10.0.40219.1
Project("{9A19103F-16F7-4668-BE54-9A1E7A4F7556}") = "1.1", "1.1\1.1.csproj", "{EF50F746-553E-424B-B37F-9547D6C7F802}"
EndProject
Project("{9A19103F-16F7-4668-BE54-9A1E7A4F7556}") = "1.2", "1.2\1.2.csproj", "{B118EE0B-677D-4B90-ABD8-CF7C1997440E}"
EndProject
Project("{9A19103F-16F7-4668-BE54-9A1E7A4F7556}") = "2.1", "2.1\2.1.csproj", "{7C86D24F-0579-4DB5-8892-9EAE3C9A73B7}"
EndProject
Project("{9A19103F-16F7-4668-BE54-9A1E7A4F7556}") = "2.2", "2.2\2.2.csproj", "{C226665C-B1A4-4293-96D3-6ED2ED87E135}"
EndProject
Project("{9A19103F-16F7-4668-BE54-9A1E7A4F7556}") = "3.1", "3.1\3.1.csproj", "{26282F88-A5C6-425E-8E14-6D5FE2E0B623}"
EndProject
Project("{9A19103F-16F7-4668-BE54-9A1E7A4F7556}") = "3.2", "3.2\3.2.csproj", "{48564E79-CF54-4176-A1E1-420F90DC5074}"
EndProject
Project("{FAE04EC0-301F-11D3-BF4B-00C04F79EFBC}") = "4.1", "4.1\4.1.csproj", "{B843E8E4-072D-4CE2-8B79-83771198C4C5}"
EndProject
Project("{FAE04EC0-301F-11D3-BF4B-00C04F79EFBC}") = "4.2", "4.2\4.2.csproj", "{C670B8D7-D3A6-49F9-967F-66B3EC9E697A}"
EndProject
Project("{FAE04EC0-301F-11D3-BF4B-00C04F79EFBC}") = "5.1", "5.1\5.1.csproj", "{130E1032-C8F9-459A-BF79-574F9690E177}"
EndProject
Project("{FAE04EC0-301F-11D3-BF4B-00C04F79EFBC}") = "5.2", "5.2\5.2.csproj", "{7DF4867F-5D04-4CF7-AE66-95045B2483C0}"
EndProject
Global
	GlobalSection(SolutionConfigurationPlatforms) = preSolution
		Debug|Any CPU = Debug|Any CPU
		Release|Any CPU = Release|Any CPU
	EndGlobalSection
	GlobalSection(ProjectConfigurationPlatforms) = postSolution
		{EF50F746-553E-424B-B37F-9547D6C7F802}.Debug|Any CPU.ActiveCfg = Debug|Any CPU
		{EF50F746-553E-424B-B37F-9547D6C7F802}.Debug|Any CPU.Build.0 = Debug|Any CPU
		{EF50F746-553E-424B-B37F-9547D6C7F802}.Release|Any CPU.ActiveCfg = Release|Any CPU
		{EF50F746-553E-424B-B37F-9547D6C7F802}.Release|Any CPU.Build.0 = Release|Any CPU
		{B118EE0B-677D-4B90-ABD8-CF7C1997440E}.Debug|Any CPU.ActiveCfg = Debug|Any CPU
		{B118EE0B-677D-4B90-ABD8-CF7C1997440E}.Debug|Any CPU.Build.0 = Debug|Any CPU
		{B118EE0B-677D-4B90-ABD8-CF7C1997440E}.Release|Any CPU.ActiveCfg = Release|Any CPU
		{B118EE0B-677D-4B90-ABD8-CF7C1997440E}.Release|Any CPU.Build.0 = Release|Any CPU
		{7C86D24F-0579-4DB5-8892-9EAE3C9A73B7}.Debug|Any CPU.ActiveCfg = Debug|Any CPU
		{7C86D24F-0579-4DB5-8892-9EAE3C9A73B7}.Debug|Any CPU.Build.0 = Debug|Any CPU
		{7C86D24F-0579-4DB5-8892-9EAE3C9A73B7}.Release|Any CPU.ActiveCfg = Release|Any CPU
		{7C86D24F-0579-4DB5-8892-9EAE3C9A73B7}.Release|Any CPU.Build.0 = Release|Any CPU
		{C226665C-B1A4-4293-96D3-6ED2ED87E135}.Debug|Any CPU.ActiveCfg = Debug|Any CPU
		{C226665C-B1A4-4293-96D3-6ED2ED87E135}.Debug|Any CPU.Build.0 = Debug|Any CPU
		{C226665C-B1A4-4293-96D3-6ED2ED87E135}.Release|Any CPU.ActiveCfg = Release|Any CPU
		{C226665C-B1A4-4293-96D3-6ED2ED87E135}.Release|Any CPU.Build.0 = Release|Any CPU
		{26282F88-A5C6-425E-8E14-6D5FE2E0B623}.Debug|Any CPU.ActiveCfg = Debug|Any CPU
		{26282F88-A5C6-425E-8E14-6D5FE2E0B623}.Debug|Any CPU.Build.0 = Debug|Any CPU
		{26282F88-A5C6-425E-8E14-6D5FE2E0B623}.Release|Any CPU.ActiveCfg = Release|Any CPU
		{26282F88-A5C6-425E-8E14-6D5FE2E0B623}.Release|Any CPU.Build.0 = Release|Any CPU
		{48564E79-CF54-4176-A1E1-420F90DC5074}.Debug|Any CPU.ActiveCfg = Debug|Any CPU
		{48564E79-CF54-4176-A1E1-420F90DC5074}.Debug|Any CPU.Build.0 = Debug|Any CPU
		{48564E79-CF54-4176-A1E1-420F90DC5074}.Release|Any CPU.ActiveCfg = Release|Any CPU
		{48564E79-CF54-4176-A1E1-420F90DC5074}.Release|Any CPU.Build.0 = Release|Any CPU
		{B843E8E4-072D-4CE2-8B79-83771198C4C5}.Debug|Any CPU.ActiveCfg = Debug|Any CPU
		{B843E8E4-072D-4CE2-8B79-83771198C4C5}.Debug|Any CPU.Build.0 = Debug|Any CPU
		{B843E8E4-072D-4CE2-8B79-83771198C4C5}.Release|Any CPU.ActiveCfg = Release|Any CPU
		{B843E8E4-072D-4CE2-8B79-83771198C4C5}.Release|Any CPU.Build.0 = Release|Any CPU
		{C670B8D7-D3A6-49F9-967F-66B3EC9E697A}.Debug|Any CPU.ActiveCfg = Debug|Any CPU
		{C670B8D7-D3A6-49F9-967F-66B3EC9E697A}.Debug|Any CPU.Build.0 = Debug|Any CPU
		{C670B8D7-D3A6-49F9-967F-66B3EC9E697A}.Release|Any CPU.ActiveCfg = Release|Any CPU
		{C670B8D7-D3A6-49F9-967F-66B3EC9E697A}.Release|Any CPU.Build.0 = Release|Any CPU
		{130E1032-C8F9-459A-BF79-574F9690E177}.Debug|Any CPU.ActiveCfg = Debug|Any CPU
		{130E1032-C8F9-459A-BF79-574F9690E177}.Debug|Any CPU.Build.0 = Debug|Any CPU
		{130E1032-C8F9-459A-BF79-574F9690E177}.Release|Any CPU.ActiveCfg = Release|Any CPU
		{130E1032-C8F9-459A-BF79-574F9690E177}.Release|Any CPU.Build.0 = Release|Any CPU
		{7DF4867F-5D04-4CF7-AE66-95045B2483C0}.Debug|Any CPU.ActiveCfg = Debug|Any CPU
		{7DF4867F-5D04-4CF7-AE66-95045B2483C0}.Debug|Any CPU.Build.0 = Debug|Any CPU
		{7DF4867F-5D04-4CF7-AE66-95045B2483C0}.Release|Any CPU.ActiveCfg = Release|Any CPU
		{7DF4867F-5D04-4CF7-AE66-95045B2483C0}.Release|Any CPU.Build.0 = Release|Any CPU
	EndGlobalSection
	GlobalSection(SolutionProperties) = preSolution
		HideSolutionNode = FALSE
	EndGlobalSection
	GlobalSection(ExtensibilityGlobals) = postSolution
		SolutionGuid = {8DE0C09C-441D-4326-9BA8-984AD567D29D}
	EndGlobalSection
EndGlobal
